// !$*UTF8*$!
{
	archiveVersion = 1;
	classes = {
	};
	objectVersion = 56;
	objects = {

/* Begin PBXBuildFile section */
		D04E73B82D1D20F0007D8561 /* rickandmortyApp.swift in Sources */ = {isa = PBXBuildFile; fileRef = D04E73B72D1D20F0007D8561 /* rickandmortyApp.swift */; };
		D04E73BA2D1D20F0007D8561 /* ContentView.swift in Sources */ = {isa = PBXBuildFile; fileRef = D04E73B92D1D20F0007D8561 /* ContentView.swift */; };
		D04E73BC2D1D20F2007D8561 /* Assets.xcassets in Resources */ = {isa = PBXBuildFile; fileRef = D04E73BB2D1D20F2007D8561 /* Assets.xcassets */; };
		D04E73BF2D1D20F2007D8561 /* Preview Assets.xcassets in Resources */ = {isa = PBXBuildFile; fileRef = D04E73BE2D1D20F2007D8561 /* Preview Assets.xcassets */; };
		D04E73CD2D1D212F007D8561 /* CharacterResponse.swift in Sources */ = {isa = PBXBuildFile; fileRef = D04E73C82D1D212F007D8561 /* CharacterResponse.swift */; };
		D04E73CE2D1D212F007D8561 /* Origin.swift in Sources */ = {isa = PBXBuildFile; fileRef = D04E73C92D1D212F007D8561 /* Origin.swift */; };
		D04E73CF2D1D212F007D8561 /* Info.swift in Sources */ = {isa = PBXBuildFile; fileRef = D04E73CA2D1D212F007D8561 /* Info.swift */; };
		D04E73D02D1D212F007D8561 /* Character.swift in Sources */ = {isa = PBXBuildFile; fileRef = D04E73CB2D1D212F007D8561 /* Character.swift */; };
		D04E73D12D1D212F007D8561 /* Location.swift in Sources */ = {isa = PBXBuildFile; fileRef = D04E73CC2D1D212F007D8561 /* Location.swift */; };
		D04E73D32D1D2160007D8561 /* RMViewModel.swift in Sources */ = {isa = PBXBuildFile; fileRef = D04E73D22D1D2160007D8561 /* RMViewModel.swift */; };
		D04E73D52D1D2533007D8561 /* CharacterRowView.swift in Sources */ = {isa = PBXBuildFile; fileRef = D04E73D42D1D2533007D8561 /* CharacterRowView.swift */; };
		D04E73D82D1D271D007D8561 /* ModelData.swift in Sources */ = {isa = PBXBuildFile; fileRef = D04E73D72D1D271D007D8561 /* ModelData.swift */; };
		D04E73DA2D1D2736007D8561 /* character_data.json in Resources */ = {isa = PBXBuildFile; fileRef = D04E73D92D1D2736007D8561 /* character_data.json */; };
		D04E73DC2D1D3437007D8561 /* CharacterDetailView.swift in Sources */ = {isa = PBXBuildFile; fileRef = D04E73DB2D1D3437007D8561 /* CharacterDetailView.swift */; };
		D04E73DE2D1D3AB5007D8561 /* Episode.swift in Sources */ = {isa = PBXBuildFile; fileRef = D04E73DD2D1D3AB5007D8561 /* Episode.swift */; };
		D04E73E02D1D3BC8007D8561 /* CharacterViewModel.swift in Sources */ = {isa = PBXBuildFile; fileRef = D04E73DF2D1D3BC8007D8561 /* CharacterViewModel.swift */; };
/* End PBXBuildFile section */

/* Begin PBXFileReference section */
		D04E73B42D1D20F0007D8561 /* rickandmorty.app */ = {isa = PBXFileReference; explicitFileType = wrapper.application; includeInIndex = 0; path = rickandmorty.app; sourceTree = BUILT_PRODUCTS_DIR; };
		D04E73B72D1D20F0007D8561 /* rickandmortyApp.swift */ = {isa = PBXFileReference; lastKnownFileType = sourcecode.swift; path = rickandmortyApp.swift; sourceTree = "<group>"; };
		D04E73B92D1D20F0007D8561 /* ContentView.swift */ = {isa = PBXFileReference; lastKnownFileType = sourcecode.swift; path = ContentView.swift; sourceTree = "<group>"; };
		D04E73BB2D1D20F2007D8561 /* Assets.xcassets */ = {isa = PBXFileReference; lastKnownFileType = folder.assetcatalog; path = Assets.xcassets; sourceTree = "<group>"; };
		D04E73BE2D1D20F2007D8561 /* Preview Assets.xcassets */ = {isa = PBXFileReference; lastKnownFileType = folder.assetcatalog; path = "Preview Assets.xcassets"; sourceTree = "<group>"; };
		D04E73C82D1D212F007D8561 /* CharacterResponse.swift */ = {isa = PBXFileReference; fileEncoding = 4; lastKnownFileType = sourcecode.swift; path = CharacterResponse.swift; sourceTree = "<group>"; };
		D04E73C92D1D212F007D8561 /* Origin.swift */ = {isa = PBXFileReference; fileEncoding = 4; lastKnownFileType = sourcecode.swift; path = Origin.swift; sourceTree = "<group>"; };
		D04E73CA2D1D212F007D8561 /* Info.swift */ = {isa = PBXFileReference; fileEncoding = 4; lastKnownFileType = sourcecode.swift; path = Info.swift; sourceTree = "<group>"; };
		D04E73CB2D1D212F007D8561 /* Character.swift */ = {isa = PBXFileReference; fileEncoding = 4; lastKnownFileType = sourcecode.swift; path = Character.swift; sourceTree = "<group>"; };
		D04E73CC2D1D212F007D8561 /* Location.swift */ = {isa = PBXFileReference; fileEncoding = 4; lastKnownFileType = sourcecode.swift; path = Location.swift; sourceTree = "<group>"; };
		D04E73D22D1D2160007D8561 /* RMViewModel.swift */ = {isa = PBXFileReference; lastKnownFileType = sourcecode.swift; path = RMViewModel.swift; sourceTree = "<group>"; };
		D04E73D42D1D2533007D8561 /* CharacterRowView.swift */ = {isa = PBXFileReference; lastKnownFileType = sourcecode.swift; path = CharacterRowView.swift; sourceTree = "<group>"; };
		D04E73D72D1D271D007D8561 /* ModelData.swift */ = {isa = PBXFileReference; lastKnownFileType = sourcecode.swift; path = ModelData.swift; sourceTree = "<group>"; };
		D04E73D92D1D2736007D8561 /* character_data.json */ = {isa = PBXFileReference; fileEncoding = 4; lastKnownFileType = text.json; path = character_data.json; sourceTree = "<group>"; };
		D04E73DB2D1D3437007D8561 /* CharacterDetailView.swift */ = {isa = PBXFileReference; lastKnownFileType = sourcecode.swift; path = CharacterDetailView.swift; sourceTree = "<group>"; };
		D04E73DD2D1D3AB5007D8561 /* Episode.swift */ = {isa = PBXFileReference; lastKnownFileType = sourcecode.swift; path = Episode.swift; sourceTree = "<group>"; };
		D04E73DF2D1D3BC8007D8561 /* CharacterViewModel.swift */ = {isa = PBXFileReference; lastKnownFileType = sourcecode.swift; path = CharacterViewModel.swift; sourceTree = "<group>"; };
/* End PBXFileReference section */

/* Begin PBXFrameworksBuildPhase section */
		D04E73B12D1D20F0007D8561 /* Frameworks */ = {
			isa = PBXFrameworksBuildPhase;
			buildActionMask = 2147483647;
			files = (
			);
			runOnlyForDeploymentPostprocessing = 0;
		};
/* End PBXFrameworksBuildPhase section */

/* Begin PBXGroup section */
		D04E73AB2D1D20F0007D8561 = {
			isa = PBXGroup;
			children = (
				D04E73B62D1D20F0007D8561 /* rickandmorty */,
				D04E73B52D1D20F0007D8561 /* Products */,
			);
			sourceTree = "<group>";
		};
		D04E73B52D1D20F0007D8561 /* Products */ = {
			isa = PBXGroup;
			children = (
				D04E73B42D1D20F0007D8561 /* rickandmorty.app */,
			);
			name = Products;
			sourceTree = "<group>";
		};
		D04E73B62D1D20F0007D8561 /* rickandmorty */ = {
			isa = PBXGroup;
			children = (
				D04E73D62D1D270B007D8561 /* Resources */,
				D04E73C72D1D2107007D8561 /* ViewModel */,
				D04E73C62D1D2102007D8561 /* View */,
				D04E73C52D1D20FD007D8561 /* Model */,
				D04E73B72D1D20F0007D8561 /* rickandmortyApp.swift */,
				D04E73B92D1D20F0007D8561 /* ContentView.swift */,
				D04E73BB2D1D20F2007D8561 /* Assets.xcassets */,
				D04E73BD2D1D20F2007D8561 /* Preview Content */,
			);
			path = rickandmorty;
			sourceTree = "<group>";
		};
		D04E73BD2D1D20F2007D8561 /* Preview Content */ = {
			isa = PBXGroup;
			children = (
				D04E73BE2D1D20F2007D8561 /* Preview Assets.xcassets */,
			);
			path = "Preview Content";
			sourceTree = "<group>";
		};
		D04E73C52D1D20FD007D8561 /* Model */ = {
			isa = PBXGroup;
			children = (
				D04E73C82D1D212F007D8561 /* CharacterResponse.swift */,
				D04E73CA2D1D212F007D8561 /* Info.swift */,
				D04E73CC2D1D212F007D8561 /* Location.swift */,
				D04E73C92D1D212F007D8561 /* Origin.swift */,
				D04E73CB2D1D212F007D8561 /* Character.swift */,
				D04E73DD2D1D3AB5007D8561 /* Episode.swift */,
			);
			path = Model;
			sourceTree = "<group>";
		};
		D04E73C62D1D2102007D8561 /* View */ = {
			isa = PBXGroup;
			children = (
				D04E73D42D1D2533007D8561 /* CharacterRowView.swift */,
				D04E73DB2D1D3437007D8561 /* CharacterDetailView.swift */,
			);
			path = View;
			sourceTree = "<group>";
		};
		D04E73C72D1D2107007D8561 /* ViewModel */ = {
			isa = PBXGroup;
			children = (
				D04E73D22D1D2160007D8561 /* RMViewModel.swift */,
				D04E73DF2D1D3BC8007D8561 /* CharacterViewModel.swift */,
			);
			path = ViewModel;
			sourceTree = "<group>";
		};
		D04E73D62D1D270B007D8561 /* Resources */ = {
			isa = PBXGroup;
			children = (
				D04E73D72D1D271D007D8561 /* ModelData.swift */,
				D04E73D92D1D2736007D8561 /* character_data.json */,
			);
			path = Resources;
			sourceTree = "<group>";
		};
/* End PBXGroup section */

/* Begin PBXNativeTarget section */
		D04E73B32D1D20F0007D8561 /* rickandmorty */ = {
			isa = PBXNativeTarget;
			buildConfigurationList = D04E73C22D1D20F2007D8561 /* Build configuration list for PBXNativeTarget "rickandmorty" */;
			buildPhases = (
				D04E73B02D1D20F0007D8561 /* Sources */,
				D04E73B12D1D20F0007D8561 /* Frameworks */,
				D04E73B22D1D20F0007D8561 /* Resources */,
			);
			buildRules = (
			);
			dependencies = (
			);
			name = rickandmorty;
			productName = rickandmorty;
			productReference = D04E73B42D1D20F0007D8561 /* rickandmorty.app */;
			productType = "com.apple.product-type.application";
		};
/* End PBXNativeTarget section */

/* Begin PBXProject section */
		D04E73AC2D1D20F0007D8561 /* Project object */ = {
			isa = PBXProject;
			attributes = {
				BuildIndependentTargetsInParallel = 1;
				LastSwiftUpdateCheck = 1530;
				LastUpgradeCheck = 1530;
				TargetAttributes = {
					D04E73B32D1D20F0007D8561 = {
						CreatedOnToolsVersion = 15.3;
					};
				};
			};
			buildConfigurationList = D04E73AF2D1D20F0007D8561 /* Build configuration list for PBXProject "rickandmorty" */;
			compatibilityVersion = "Xcode 14.0";
			developmentRegion = en;
			hasScannedForEncodings = 0;
			knownRegions = (
				en,
				Base,
			);
			mainGroup = D04E73AB2D1D20F0007D8561;
			productRefGroup = D04E73B52D1D20F0007D8561 /* Products */;
			projectDirPath = "";
			projectRoot = "";
			targets = (
				D04E73B32D1D20F0007D8561 /* rickandmorty */,
			);
		};
/* End PBXProject section */

/* Begin PBXResourcesBuildPhase section */
		D04E73B22D1D20F0007D8561 /* Resources */ = {
			isa = PBXResourcesBuildPhase;
			buildActionMask = 2147483647;
			files = (
				D04E73BF2D1D20F2007D8561 /* Preview Assets.xcassets in Resources */,
				D04E73DA2D1D2736007D8561 /* character_data.json in Resources */,
				D04E73BC2D1D20F2007D8561 /* Assets.xcassets in Resources */,
			);
			runOnlyForDeploymentPostprocessing = 0;
		};
/* End PBXResourcesBuildPhase section */

/* Begin PBXSourcesBuildPhase section */
		D04E73B02D1D20F0007D8561 /* Sources */ = {
			isa = PBXSourcesBuildPhase;
			buildActionMask = 2147483647;
			files = (
				D04E73D32D1D2160007D8561 /* RMViewModel.swift in Sources */,
				D04E73DE2D1D3AB5007D8561 /* Episode.swift in Sources */,
				D04E73D02D1D212F007D8561 /* Character.swift in Sources */,
				D04E73DC2D1D3437007D8561 /* CharacterDetailView.swift in Sources */,
				D04E73CD2D1D212F007D8561 /* CharacterResponse.swift in Sources */,
				D04E73BA2D1D20F0007D8561 /* ContentView.swift in Sources */,
				D04E73B82D1D20F0007D8561 /* rickandmortyApp.swift in Sources */,
				D04E73CF2D1D212F007D8561 /* Info.swift in Sources */,
				D04E73E02D1D3BC8007D8561 /* CharacterViewModel.swift in Sources */,
				D04E73D52D1D2533007D8561 /* CharacterRowView.swift in Sources */,
				D04E73D82D1D271D007D8561 /* ModelData.swift in Sources */,
				D04E73CE2D1D212F007D8561 /* Origin.swift in Sources */,
				D04E73D12D1D212F007D8561 /* Location.swift in Sources */,
			);
			runOnlyForDeploymentPostprocessing = 0;
		};
/* End PBXSourcesBuildPhase section */

/* Begin XCBuildConfiguration section */
		D04E73C02D1D20F2007D8561 /* Debug */ = {
			isa = XCBuildConfiguration;
			buildSettings = {
				ALWAYS_SEARCH_USER_PATHS = NO;
				ASSETCATALOG_COMPILER_GENERATE_SWIFT_ASSET_SYMBOL_EXTENSIONS = YES;
				CLANG_ANALYZER_NONNULL = YES;
				CLANG_ANALYZER_NUMBER_OBJECT_CONVERSION = YES_AGGRESSIVE;
				CLANG_CXX_LANGUAGE_STANDARD = "gnu++20";
				CLANG_ENABLE_MODULES = YES;
				CLANG_ENABLE_OBJC_ARC = YES;
				CLANG_ENABLE_OBJC_WEAK = YES;
				CLANG_WARN_BLOCK_CAPTURE_AUTORELEASING = YES;
				CLANG_WARN_BOOL_CONVERSION = YES;
				CLANG_WARN_COMMA = YES;
				CLANG_WARN_CONSTANT_CONVERSION = YES;
				CLANG_WARN_DEPRECATED_OBJC_IMPLEMENTATIONS = YES;
				CLANG_WARN_DIRECT_OBJC_ISA_USAGE = YES_ERROR;
				CLANG_WARN_DOCUMENTATION_COMMENTS = YES;
				CLANG_WARN_EMPTY_BODY = YES;
				CLANG_WARN_ENUM_CONVERSION = YES;
				CLANG_WARN_INFINITE_RECURSION = YES;
				CLANG_WARN_INT_CONVERSION = YES;
				CLANG_WARN_NON_LITERAL_NULL_CONVERSION = YES;
				CLANG_WARN_OBJC_IMPLICIT_RETAIN_SELF = YES;
				CLANG_WARN_OBJC_LITERAL_CONVERSION = YES;
				CLANG_WARN_OBJC_ROOT_CLASS = YES_ERROR;
				CLANG_WARN_QUOTED_INCLUDE_IN_FRAMEWORK_HEADER = YES;
				CLANG_WARN_RANGE_LOOP_ANALYSIS = YES;
				CLANG_WARN_STRICT_PROTOTYPES = YES;
				CLANG_WARN_SUSPICIOUS_MOVE = YES;
				CLANG_WARN_UNGUARDED_AVAILABILITY = YES_AGGRESSIVE;
				CLANG_WARN_UNREACHABLE_CODE = YES;
				CLANG_WARN__DUPLICATE_METHOD_MATCH = YES;
				COPY_PHASE_STRIP = NO;
				DEBUG_INFORMATION_FORMAT = dwarf;
				ENABLE_STRICT_OBJC_MSGSEND = YES;
				ENABLE_TESTABILITY = YES;
				ENABLE_USER_SCRIPT_SANDBOXING = YES;
				GCC_C_LANGUAGE_STANDARD = gnu17;
				GCC_DYNAMIC_NO_PIC = NO;
				GCC_NO_COMMON_BLOCKS = YES;
				GCC_OPTIMIZATION_LEVEL = 0;
				GCC_PREPROCESSOR_DEFINITIONS = (
					"DEBUG=1",
					"$(inherited)",
				);
				GCC_WARN_64_TO_32_BIT_CONVERSION = YES;
				GCC_WARN_ABOUT_RETURN_TYPE = YES_ERROR;
				GCC_WARN_UNDECLARED_SELECTOR = YES;
				GCC_WARN_UNINITIALIZED_AUTOS = YES_AGGRESSIVE;
				GCC_WARN_UNUSED_FUNCTION = YES;
				GCC_WARN_UNUSED_VARIABLE = YES;
				IPHONEOS_DEPLOYMENT_TARGET = 17.4;
				LOCALIZATION_PREFERS_STRING_CATALOGS = YES;
				MTL_ENABLE_DEBUG_INFO = INCLUDE_SOURCE;
				MTL_FAST_MATH = YES;
				ONLY_ACTIVE_ARCH = YES;
				SDKROOT = iphoneos;
				SWIFT_ACTIVE_COMPILATION_CONDITIONS = "DEBUG $(inherited)";
				SWIFT_OPTIMIZATION_LEVEL = "-Onone";
			};
			name = Debug;
		};
		D04E73C12D1D20F2007D8561 /* Release */ = {
			isa = XCBuildConfiguration;
			buildSettings = {
				ALWAYS_SEARCH_USER_PATHS = NO;
				ASSETCATALOG_COMPILER_GENERATE_SWIFT_ASSET_SYMBOL_EXTENSIONS = YES;
				CLANG_ANALYZER_NONNULL = YES;
				CLANG_ANALYZER_NUMBER_OBJECT_CONVERSION = YES_AGGRESSIVE;
				CLANG_CXX_LANGUAGE_STANDARD = "gnu++20";
				CLANG_ENABLE_MODULES = YES;
				CLANG_ENABLE_OBJC_ARC = YES;
				CLANG_ENABLE_OBJC_WEAK = YES;
				CLANG_WARN_BLOCK_CAPTURE_AUTORELEASING = YES;
				CLANG_WARN_BOOL_CONVERSION = YES;
				CLANG_WARN_COMMA = YES;
				CLANG_WARN_CONSTANT_CONVERSION = YES;
				CLANG_WARN_DEPRECATED_OBJC_IMPLEMENTATIONS = YES;
				CLANG_WARN_DIRECT_OBJC_ISA_USAGE = YES_ERROR;
				CLANG_WARN_DOCUMENTATION_COMMENTS = YES;
				CLANG_WARN_EMPTY_BODY = YES;
				CLANG_WARN_ENUM_CONVERSION = YES;
				CLANG_WARN_INFINITE_RECURSION = YES;
				CLANG_WARN_INT_CONVERSION = YES;
				CLANG_WARN_NON_LITERAL_NULL_CONVERSION = YES;
				CLANG_WARN_OBJC_IMPLICIT_RETAIN_SELF = YES;
				CLANG_WARN_OBJC_LITERAL_CONVERSION = YES;
				CLANG_WARN_OBJC_ROOT_CLASS = YES_ERROR;
				CLANG_WARN_QUOTED_INCLUDE_IN_FRAMEWORK_HEADER = YES;
				CLANG_WARN_RANGE_LOOP_ANALYSIS = YES;
				CLANG_WARN_STRICT_PROTOTYPES = YES;
				CLANG_WARN_SUSPICIOUS_MOVE = YES;
				CLANG_WARN_UNGUARDED_AVAILABILITY = YES_AGGRESSIVE;
				CLANG_WARN_UNREACHABLE_CODE = YES;
				CLANG_WARN__DUPLICATE_METHOD_MATCH = YES;
				COPY_PHASE_STRIP = NO;
				DEBUG_INFORMATION_FORMAT = "dwarf-with-dsym";
				ENABLE_NS_ASSERTIONS = NO;
				ENABLE_STRICT_OBJC_MSGSEND = YES;
				ENABLE_USER_SCRIPT_SANDBOXING = YES;
				GCC_C_LANGUAGE_STANDARD = gnu17;
				GCC_NO_COMMON_BLOCKS = YES;
				GCC_WARN_64_TO_32_BIT_CONVERSION = YES;
				GCC_WARN_ABOUT_RETURN_TYPE = YES_ERROR;
				GCC_WARN_UNDECLARED_SELECTOR = YES;
				GCC_WARN_UNINITIALIZED_AUTOS = YES_AGGRESSIVE;
				GCC_WARN_UNUSED_FUNCTION = YES;
				GCC_WARN_UNUSED_VARIABLE = YES;
				IPHONEOS_DEPLOYMENT_TARGET = 17.4;
				LOCALIZATION_PREFERS_STRING_CATALOGS = YES;
				MTL_ENABLE_DEBUG_INFO = NO;
				MTL_FAST_MATH = YES;
				SDKROOT = iphoneos;
				SWIFT_COMPILATION_MODE = wholemodule;
				VALIDATE_PRODUCT = YES;
			};
			name = Release;
		};
		D04E73C32D1D20F2007D8561 /* Debug */ = {
			isa = XCBuildConfiguration;
			buildSettings = {
				ASSETCATALOG_COMPILER_APPICON_NAME = AppIcon;
				ASSETCATALOG_COMPILER_GLOBAL_ACCENT_COLOR_NAME = AccentColor;
				CODE_SIGN_STYLE = Automatic;
				CURRENT_PROJECT_VERSION = 1;
				DEVELOPMENT_ASSET_PATHS = "\"rickandmorty/Preview Content\"";
				DEVELOPMENT_TEAM = N4YAVL554H;
				ENABLE_PREVIEWS = YES;
				GENERATE_INFOPLIST_FILE = YES;
				INFOPLIST_KEY_UIApplicationSceneManifest_Generation = YES;
				INFOPLIST_KEY_UIApplicationSupportsIndirectInputEvents = YES;
				INFOPLIST_KEY_UILaunchScreen_Generation = YES;
				INFOPLIST_KEY_UISupportedInterfaceOrientations_iPad = "UIInterfaceOrientationPortrait UIInterfaceOrientationPortraitUpsideDown UIInterfaceOrientationLandscapeLeft UIInterfaceOrientationLandscapeRight";
				INFOPLIST_KEY_UISupportedInterfaceOrientations_iPhone = "UIInterfaceOrientationPortrait UIInterfaceOrientationLandscapeLeft UIInterfaceOrientationLandscapeRight";
				LD_RUNPATH_SEARCH_PATHS = (
					"$(inherited)",
					"@executable_path/Frameworks",
				);
				MARKETING_VERSION = 1.0;
				PRODUCT_BUNDLE_IDENTIFIER = com.personahub.rickandmorty;
				PRODUCT_NAME = "$(TARGET_NAME)";
				SWIFT_EMIT_LOC_STRINGS = YES;
				SWIFT_VERSION = 5.0;
				TARGETED_DEVICE_FAMILY = "1,2";
			};
			name = Debug;
		};
		D04E73C42D1D20F2007D8561 /* Release */ = {
			isa = XCBuildConfiguration;
			buildSettings = {
				ASSETCATALOG_COMPILER_APPICON_NAME = AppIcon;
				ASSETCATALOG_COMPILER_GLOBAL_ACCENT_COLOR_NAME = AccentColor;
				CODE_SIGN_STYLE = Automatic;
				CURRENT_PROJECT_VERSION = 1;
				DEVELOPMENT_ASSET_PATHS = "\"rickandmorty/Preview Content\"";
				DEVELOPMENT_TEAM = N4YAVL554H;
				ENABLE_PREVIEWS = YES;
				GENERATE_INFOPLIST_FILE = YES;
				INFOPLIST_KEY_UIApplicationSceneManifest_Generation = YES;
				INFOPLIST_KEY_UIApplicationSupportsIndirectInputEvents = YES;
				INFOPLIST_KEY_UILaunchScreen_Generation = YES;
				INFOPLIST_KEY_UISupportedInterfaceOrientations_iPad = "UIInterfaceOrientationPortrait UIInterfaceOrientationPortraitUpsideDown UIInterfaceOrientationLandscapeLeft UIInterfaceOrientationLandscapeRight";
				INFOPLIST_KEY_UISupportedInterfaceOrientations_iPhone = "UIInterfaceOrientationPortrait UIInterfaceOrientationLandscapeLeft UIInterfaceOrientationLandscapeRight";
				LD_RUNPATH_SEARCH_PATHS = (
					"$(inherited)",
					"@executable_path/Frameworks",
				);
				MARKETING_VERSION = 1.0;
				PRODUCT_BUNDLE_IDENTIFIER = com.personahub.rickandmorty;
				PRODUCT_NAME = "$(TARGET_NAME)";
				SWIFT_EMIT_LOC_STRINGS = YES;
				SWIFT_VERSION = 5.0;
				TARGETED_DEVICE_FAMILY = "1,2";
			};
			name = Release;
		};
/* End XCBuildConfiguration section */

/* Begin XCConfigurationList section */
		D04E73AF2D1D20F0007D8561 /* Build configuration list for PBXProject "rickandmorty" */ = {
			isa = XCConfigurationList;
			buildConfigurations = (
				D04E73C02D1D20F2007D8561 /* Debug */,
				D04E73C12D1D20F2007D8561 /* Release */,
			);
			defaultConfigurationIsVisible = 0;
			defaultConfigurationName = Release;
		};
		D04E73C22D1D20F2007D8561 /* Build configuration list for PBXNativeTarget "rickandmorty" */ = {
			isa = XCConfigurationList;
			buildConfigurations = (
				D04E73C32D1D20F2007D8561 /* Debug */,
				D04E73C42D1D20F2007D8561 /* Release */,
			);
			defaultConfigurationIsVisible = 0;
			defaultConfigurationName = Release;
		};
/* End XCConfigurationList section */
	};
	rootObject = D04E73AC2D1D20F0007D8561 /* Project object */;
}
